{
  "name": "circuitBreaker",
  "version": "1.0.0",
  "lockfileVersion": 1,
  "requires": true,
  "dependencies": {
    "@types/node": {
      "version": "13.1.8",
      "resolved": "http://r.cnpmjs.org/@types/node/download/@types/node-13.1.8.tgz",
      "integrity": "sha1-HVkEKf6Bh6AnB3IOzzim/kbOKUs=",
      "dev": true
    },
    "@types/ramda": {
      "version": "0.26.39",
      "resolved": "http://r.cnpmjs.org/@types/ramda/download/@types/ramda-0.26.39.tgz",
      "integrity": "sha1-uzks201DHPaISz7xG+9jXF0gJ08=",
      "dev": true,
      "requires": {
        "ts-toolbelt": "^4.12.0"
      }
    },
    "axios": {
      "version": "0.19.2",
      "resolved": "http://r.cnpmjs.org/axios/download/axios-0.19.2.tgz",
      "integrity": "sha1-PqNsXYgY0NX4qKl6bTa4bNwAyyc=",
      "requires": {
        "follow-redirects": "1.5.10"
      }
    },
    "crypto": {
      "version": "1.0.1",
      "resolved": "http://r.cnpmjs.org/crypto/download/crypto-1.0.1.tgz",
      "integrity": "sha1-KvG3ytgXXSTIobB3glV5SiGAMDc="
    },
    "debug": {
      "version": "3.1.0",
      "resolved": "http://r.cnpmjs.org/debug/download/debug-3.1.0.tgz",
      "integrity": "sha1-W7WgZyYotkFJVmuhaBnmFRjGcmE=",
      "requires": {
        "ms": "2.0.0"
      }
    },
    "follow-redirects": {
      "version": "1.5.10",
      "resolved": "http://r.cnpmjs.org/follow-redirects/download/follow-redirects-1.5.10.tgz",
      "integrity": "sha1-e3qfmuov3/NnhqlP9kPtB/T/Xio=",
      "requires": {
        "debug": "=3.1.0"
      }
    },
    "ms": {
      "version": "2.0.0",
      "resolved": "http://r.cnpmjs.org/ms/download/ms-2.0.0.tgz",
      "integrity": "sha1-VgiurfwAvmwpAd9fmGF4jeDVl8g="
    },
    "ramda": {
      "version": "0.26.1",
      "resolved": "http://r.cnpmjs.org/ramda/download/ramda-0.26.1.tgz",
      "integrity": "sha1-jUE1HrgRHFU1Nhf8O7/62OTTXQY="
    },
    "ts-toolbelt": {
      "version": "4.14.6",
      "resolved": "http://r.cnpmjs.org/ts-toolbelt/download/ts-toolbelt-4.14.6.tgz",
      "integrity": "sha1-miMvYidsru5PqegeDEv/oEfeB2U=",
      "dev": true
    }
  }
}
