{
  "name": "circuitBreaker",
  "version": "1.0.0",
  "lockfileVersion": 1,
  "requires": true,
  "dependencies": {
    "@types/node": {
      "version": "13.1.8",
      "resolved": "http://r.cnpmjs.org/@types/node/download/@types/node-13.1.8.tgz",
      "integrity": "sha1-HVkEKf6Bh6AnB3IOzzim/kbOKUs=",
      "dev": true
    },
    "@types/ramda": {
      "version": "0.26.39",
      "resolved": "http://r.cnpmjs.org/@types/ramda/download/@types/ramda-0.26.39.tgz",
      "integrity": "sha1-uzks201DHPaISz7xG+9jXF0gJ08=",
      "dev": true,
      "requires": {
        "ts-toolbelt": "^4.12.0"
      }
    },
    "axios": {
      "version": "0.21.1",
      "resolved": "https://registry.npmjs.org/axios/-/axios-0.21.1.tgz",
      "integrity": "sha512-dKQiRHxGD9PPRIUNIWvZhPTPpl1rf/OxTYKsqKUDjBwYylTvV7SjSHJb9ratfyzM6wCdLCOYLzs73qpg5c4iGA==",
      "requires": {
        "follow-redirects": "^1.10.0"
      }
    },
    "crypto": {
      "version": "1.0.1",
      "resolved": "http://r.cnpmjs.org/crypto/download/crypto-1.0.1.tgz",
      "integrity": "sha1-KvG3ytgXXSTIobB3glV5SiGAMDc="
    },
    "follow-redirects": {
      "version": "1.13.1",
      "resolved": "https://registry.npmjs.org/follow-redirects/-/follow-redirects-1.13.1.tgz",
      "integrity": "sha512-SSG5xmZh1mkPGyKzjZP8zLjltIfpW32Y5QpdNJyjcfGxK3qo3NDDkZOZSFiGn1A6SclQxY9GzEwAHQ3dmYRWpg=="
    },
    "ramda": {
      "version": "0.26.1",
      "resolved": "http://r.cnpmjs.org/ramda/download/ramda-0.26.1.tgz",
      "integrity": "sha1-jUE1HrgRHFU1Nhf8O7/62OTTXQY="
    },
    "ts-toolbelt": {
      "version": "4.14.6",
      "resolved": "http://r.cnpmjs.org/ts-toolbelt/download/ts-toolbelt-4.14.6.tgz",
      "integrity": "sha1-miMvYidsru5PqegeDEv/oEfeB2U=",
      "dev": true
    }
  }
}
